
Microsoft Visual Studio Solution File, Format Version 12.00
# Visual Studio Version 17
VisualStudioVersion = 17.3.32825.248
MinimumVisualStudioVersion = 10.0.40219.1
Project("{8BC9CEB8-8B4A-11D0-8D11-00A0C91BC942}") = "lab2", "lab2\lab2.vcxproj", "{E3501B02-3AE6-49A8-A689-86DB72587389}"
EndProject
Global
	GlobalSection(SolutionConfigurationPlatforms) = preSolution
		Debug|x64 = Debug|x64
		Debug|x86 = Debug|x86
		Release|x64 = Release|x64
		Release|x86 = Release|x86
	EndGlobalSection
	GlobalSection(ProjectConfigurationPlatforms) = postSolution
		{E3501B02-3AE6-49A8-A689-86DB72587389}.Debug|x64.ActiveCfg = Debug|x64
		{E3501B02-3AE6-49A8-A689-86DB72587389}.Debug|x64.Build.0 = Debug|x64
		{E3501B02-3AE6-49A8-A689-86DB72587389}.Debug|x86.ActiveCfg = Debug|Win32
		{E3501B02-3AE6-49A8-A689-86DB72587389}.Debug|x86.Build.0 = Debug|Win32
		{E3501B02-3AE6-49A8-A689-86DB72587389}.Release|x64.ActiveCfg = Release|x64
		{E3501B02-3AE6-49A8-A689-86DB72587389}.Release|x64.Build.0 = Release|x64
		{E3501B02-3AE6-49A8-A689-86DB72587389}.Release|x86.ActiveCfg = Release|Win32
		{E3501B02-3AE6-49A8-A689-86DB72587389}.Release|x86.Build.0 = Release|Win32
	EndGlobalSection
	GlobalSection(SolutionProperties) = preSolution
		HideSolutionNode = FALSE
	EndGlobalSection
	GlobalSection(ExtensibilityGlobals) = postSolution
		SolutionGuid = {32BE6300-AD25-4DCD-BF2A-23811373D484}
	EndGlobalSection
EndGlobal
