
Microsoft Visual Studio Solution File, Format Version 12.00
# Visual Studio Version 17
VisualStudioVersion = 17.13.35806.99 d17.13
MinimumVisualStudioVersion = 10.0.40219.1
Project("{FAE04EC0-301F-11D3-BF4B-00C04F79EFBC}") = "ShopApp", "ShopApp\ShopApp.csproj", "{160CF866-B1CE-48EA-A932-8EC514318430}"
EndProject
Global
	GlobalSection(SolutionConfigurationPlatforms) = preSolution
		Debug|Any CPU = Debug|Any CPU
		Release|Any CPU = Release|Any CPU
	EndGlobalSection
	GlobalSection(ProjectConfigurationPlatforms) = postSolution
		{160CF866-B1CE-48EA-A932-8EC514318430}.Debug|Any CPU.ActiveCfg = Debug|Any CPU
		{160CF866-B1CE-48EA-A932-8EC514318430}.Debug|Any CPU.Build.0 = Debug|Any CPU
		{160CF866-B1CE-48EA-A932-8EC514318430}.Release|Any CPU.ActiveCfg = Release|Any CPU
		{160CF866-B1CE-48EA-A932-8EC514318430}.Release|Any CPU.Build.0 = Release|Any CPU
	EndGlobalSection
	GlobalSection(SolutionProperties) = preSolution
		HideSolutionNode = FALSE
	EndGlobalSection
	GlobalSection(ExtensibilityGlobals) = postSolution
		SolutionGuid = {529D1FF1-A713-493E-A699-64FBA6AB3ED1}
	EndGlobalSection
EndGlobal
