
Microsoft Visual Studio Solution File, Format Version 12.00
# Visual Studio Version 17
VisualStudioVersion = 17.14.36203.30 d17.14
MinimumVisualStudioVersion = 10.0.40219.1
Project("{8BC9CEB8-8B4A-11D0-8D11-00A0C91BC942}") = "client", "client\client.vcxproj", "{0BA29944-B41C-4D0F-B851-8959CAD23F48}"
EndProject
Project("{8BC9CEB8-8B4A-11D0-8D11-00A0C91BC942}") = "server", "server\server.vcxproj", "{F43C556D-1114-4ECB-ABFF-1C57F0948E4D}"
EndProject
Global
	GlobalSection(SolutionConfigurationPlatforms) = preSolution
		Debug|x64 = Debug|x64
		Debug|x86 = Debug|x86
		Release|x64 = Release|x64
		Release|x86 = Release|x86
	EndGlobalSection
	GlobalSection(ProjectConfigurationPlatforms) = postSolution
		{0BA29944-B41C-4D0F-B851-8959CAD23F48}.Debug|x64.ActiveCfg = Debug|x64
		{0BA29944-B41C-4D0F-B851-8959CAD23F48}.Debug|x64.Build.0 = Debug|x64
		{0BA29944-B41C-4D0F-B851-8959CAD23F48}.Debug|x86.ActiveCfg = Debug|Win32
		{0BA29944-B41C-4D0F-B851-8959CAD23F48}.Debug|x86.Build.0 = Debug|Win32
		{0BA29944-B41C-4D0F-B851-8959CAD23F48}.Release|x64.ActiveCfg = Release|x64
		{0BA29944-B41C-4D0F-B851-8959CAD23F48}.Release|x64.Build.0 = Release|x64
		{0BA29944-B41C-4D0F-B851-8959CAD23F48}.Release|x86.ActiveCfg = Release|Win32
		{0BA29944-B41C-4D0F-B851-8959CAD23F48}.Release|x86.Build.0 = Release|Win32
		{F43C556D-1114-4ECB-ABFF-1C57F0948E4D}.Debug|x64.ActiveCfg = Debug|x64
		{F43C556D-1114-4ECB-ABFF-1C57F0948E4D}.Debug|x64.Build.0 = Debug|x64
		{F43C556D-1114-4ECB-ABFF-1C57F0948E4D}.Debug|x86.ActiveCfg = Debug|Win32
		{F43C556D-1114-4ECB-ABFF-1C57F0948E4D}.Debug|x86.Build.0 = Debug|Win32
		{F43C556D-1114-4ECB-ABFF-1C57F0948E4D}.Release|x64.ActiveCfg = Release|x64
		{F43C556D-1114-4ECB-ABFF-1C57F0948E4D}.Release|x64.Build.0 = Release|x64
		{F43C556D-1114-4ECB-ABFF-1C57F0948E4D}.Release|x86.ActiveCfg = Release|Win32
		{F43C556D-1114-4ECB-ABFF-1C57F0948E4D}.Release|x86.Build.0 = Release|Win32
	EndGlobalSection
	GlobalSection(SolutionProperties) = preSolution
		HideSolutionNode = FALSE
	EndGlobalSection
	GlobalSection(ExtensibilityGlobals) = postSolution
		SolutionGuid = {BD7D767B-7B99-43B1-9873-AB8B1DC82F53}
	EndGlobalSection
EndGlobal
