Microsoft Visual Studio Solution File, Format Version 8.00
Project("{8BC9CEB8-8B4A-11D0-8D11-00A0C91BC942}") = "sema", "sema.vcproj", "{BC75C70F-9FAB-46A2-87B5-218BCDB9507B}"
	ProjectSection(ProjectDependencies) = postProject
	EndProjectSection
EndProject
Global
	GlobalSection(SolutionConfiguration) = preSolution
		Debug = Debug
		Release = Release
	EndGlobalSection
	GlobalSection(ProjectConfiguration) = postSolution
		{BC75C70F-9FAB-46A2-87B5-218BCDB9507B}.Debug.ActiveCfg = Debug|Win32
		{BC75C70F-9FAB-46A2-87B5-218BCDB9507B}.Debug.Build.0 = Debug|Win32
		{BC75C70F-9FAB-46A2-87B5-218BCDB9507B}.Release.ActiveCfg = Release|Win32
		{BC75C70F-9FAB-46A2-87B5-218BCDB9507B}.Release.Build.0 = Release|Win32
	EndGlobalSection
	GlobalSection(ExtensibilityGlobals) = postSolution
	EndGlobalSection
	GlobalSection(ExtensibilityAddIns) = postSolution
	EndGlobalSection
EndGlobal
